
Microsoft Visual Studio Solution File, Format Version 12.00
# Visual Studio 2012
Project("{FAE04EC0-301F-11D3-BF4B-00C04F79EFBC}") = "MeNext", "MeNext\MeNext.csproj", "{64DA42D4-2FF5-4D2C-B686-B3E67FD2B1B2}"
EndProject
Project("{FAE04EC0-301F-11D3-BF4B-00C04F79EFBC}") = "MeNext.iOS", "iOS\MeNext.iOS.csproj", "{4F31B800-83E3-4B7A-9059-43B39AC8C1DD}"
EndProject
Project("{FAE04EC0-301F-11D3-BF4B-00C04F79EFBC}") = "MeNext.Droid", "Droid\MeNext.Droid.csproj", "{01AD4898-4237-42F4-902A-F439D7BE9375}"
EndProject
Project("{D954291E-2A0B-460D-934E-DC6B0785DB48}") = "MusicService", "music-service\MusicService\MusicService.shproj", "{2EC65026-97B2-4ACF-A489-275796F7748D}"
EndProject
Project("{D954291E-2A0B-460D-934E-DC6B0785DB48}") = "ExampleMusicService", "music-service\ExampleMusicService\ExampleMusicService.shproj", "{B01D6F70-FAF7-4070-82AC-7B0F9AEA3FA0}"
EndProject
Global
	GlobalSection(SolutionConfigurationPlatforms) = preSolution
		Debug|Any CPU = Debug|Any CPU
		Release|Any CPU = Release|Any CPU
		Debug|iPhoneSimulator = Debug|iPhoneSimulator
		Release|iPhone = Release|iPhone
		Release|iPhoneSimulator = Release|iPhoneSimulator
		Debug|iPhone = Debug|iPhone
	EndGlobalSection
	GlobalSection(ProjectConfigurationPlatforms) = postSolution
		{64DA42D4-2FF5-4D2C-B686-B3E67FD2B1B2}.Debug|Any CPU.ActiveCfg = Debug|Any CPU
		{64DA42D4-2FF5-4D2C-B686-B3E67FD2B1B2}.Debug|Any CPU.Build.0 = Debug|Any CPU
		{64DA42D4-2FF5-4D2C-B686-B3E67FD2B1B2}.Release|Any CPU.ActiveCfg = Release|Any CPU
		{64DA42D4-2FF5-4D2C-B686-B3E67FD2B1B2}.Release|Any CPU.Build.0 = Release|Any CPU
		{64DA42D4-2FF5-4D2C-B686-B3E67FD2B1B2}.Debug|iPhoneSimulator.ActiveCfg = Debug|Any CPU
		{64DA42D4-2FF5-4D2C-B686-B3E67FD2B1B2}.Debug|iPhoneSimulator.Build.0 = Debug|Any CPU
		{64DA42D4-2FF5-4D2C-B686-B3E67FD2B1B2}.Release|iPhone.ActiveCfg = Release|Any CPU
		{64DA42D4-2FF5-4D2C-B686-B3E67FD2B1B2}.Release|iPhone.Build.0 = Release|Any CPU
		{64DA42D4-2FF5-4D2C-B686-B3E67FD2B1B2}.Release|iPhoneSimulator.ActiveCfg = Release|Any CPU
		{64DA42D4-2FF5-4D2C-B686-B3E67FD2B1B2}.Release|iPhoneSimulator.Build.0 = Release|Any CPU
		{64DA42D4-2FF5-4D2C-B686-B3E67FD2B1B2}.Debug|iPhone.ActiveCfg = Debug|Any CPU
		{64DA42D4-2FF5-4D2C-B686-B3E67FD2B1B2}.Debug|iPhone.Build.0 = Debug|Any CPU
		{4F31B800-83E3-4B7A-9059-43B39AC8C1DD}.Debug|Any CPU.ActiveCfg = Debug|iPhoneSimulator
		{4F31B800-83E3-4B7A-9059-43B39AC8C1DD}.Debug|Any CPU.Build.0 = Debug|iPhoneSimulator
		{4F31B800-83E3-4B7A-9059-43B39AC8C1DD}.Release|Any CPU.ActiveCfg = Release|iPhone
		{4F31B800-83E3-4B7A-9059-43B39AC8C1DD}.Release|Any CPU.Build.0 = Release|iPhone
		{4F31B800-83E3-4B7A-9059-43B39AC8C1DD}.Debug|iPhoneSimulator.ActiveCfg = Debug|iPhoneSimulator
		{4F31B800-83E3-4B7A-9059-43B39AC8C1DD}.Debug|iPhoneSimulator.Build.0 = Debug|iPhoneSimulator
		{4F31B800-83E3-4B7A-9059-43B39AC8C1DD}.Release|iPhone.ActiveCfg = Release|iPhone
		{4F31B800-83E3-4B7A-9059-43B39AC8C1DD}.Release|iPhone.Build.0 = Release|iPhone
		{4F31B800-83E3-4B7A-9059-43B39AC8C1DD}.Release|iPhoneSimulator.ActiveCfg = Release|iPhoneSimulator
		{4F31B800-83E3-4B7A-9059-43B39AC8C1DD}.Release|iPhoneSimulator.Build.0 = Release|iPhoneSimulator
		{4F31B800-83E3-4B7A-9059-43B39AC8C1DD}.Debug|iPhone.ActiveCfg = Debug|iPhone
		{4F31B800-83E3-4B7A-9059-43B39AC8C1DD}.Debug|iPhone.Build.0 = Debug|iPhone
		{01AD4898-4237-42F4-902A-F439D7BE9375}.Debug|Any CPU.ActiveCfg = Debug|Any CPU
		{01AD4898-4237-42F4-902A-F439D7BE9375}.Debug|Any CPU.Build.0 = Debug|Any CPU
		{01AD4898-4237-42F4-902A-F439D7BE9375}.Release|Any CPU.ActiveCfg = Release|Any CPU
		{01AD4898-4237-42F4-902A-F439D7BE9375}.Release|Any CPU.Build.0 = Release|Any CPU
		{01AD4898-4237-42F4-902A-F439D7BE9375}.Debug|iPhoneSimulator.ActiveCfg = Debug|Any CPU
		{01AD4898-4237-42F4-902A-F439D7BE9375}.Debug|iPhoneSimulator.Build.0 = Debug|Any CPU
		{01AD4898-4237-42F4-902A-F439D7BE9375}.Release|iPhone.ActiveCfg = Release|Any CPU
		{01AD4898-4237-42F4-902A-F439D7BE9375}.Release|iPhone.Build.0 = Release|Any CPU
		{01AD4898-4237-42F4-902A-F439D7BE9375}.Release|iPhoneSimulator.ActiveCfg = Release|Any CPU
		{01AD4898-4237-42F4-902A-F439D7BE9375}.Release|iPhoneSimulator.Build.0 = Release|Any CPU
		{01AD4898-4237-42F4-902A-F439D7BE9375}.Debug|iPhone.ActiveCfg = Debug|Any CPU
		{01AD4898-4237-42F4-902A-F439D7BE9375}.Debug|iPhone.Build.0 = Debug|Any CPU
	EndGlobalSection
EndGlobal
