
Microsoft Visual Studio Solution File, Format Version 12.00
# Visual Studio 2012
Project("{FAE04EC0-301F-11D3-BF4B-00C04F79EFBC}") = "MeNext", "MeNext\MeNext.csproj", "{64DA42D4-2FF5-4D2C-B686-B3E67FD2B1B2}"
EndProject
Project("{FAE04EC0-301F-11D3-BF4B-00C04F79EFBC}") = "MeNext.iOS", "iOS\MeNext.iOS.csproj", "{4F31B800-83E3-4B7A-9059-43B39AC8C1DD}"
EndProject
Project("{FAE04EC0-301F-11D3-BF4B-00C04F79EFBC}") = "MeNext.Droid", "Droid\MeNext.Droid.csproj", "{01AD4898-4237-42F4-902A-F439D7BE9375}"
EndProject
Project("{D954291E-2A0B-460D-934E-DC6B0785DB48}") = "ExampleMusicService", "ExampleMusicService\ExampleMusicService.shproj", "{B01D6F70-FAF7-4070-82AC-7B0F9AEA3FA0}"
EndProject
Project("{FAE04EC0-301F-11D3-BF4B-00C04F79EFBC}") = "MusicService", "MusicService\MusicService.csproj", "{39433743-3793-40F6-92E5-5504AAFDD1AC}"
EndProject
Project("{FAE04EC0-301F-11D3-BF4B-00C04F79EFBC}") = "MeNext.Spotify.iOS", "MeNext.Spotify.iOS\MeNext.Spotify.iOS.csproj", "{6A3D63E2-1637-4D32-B5CF-C1D3AB507C10}"
EndProject
Project("{FAE04EC0-301F-11D3-BF4B-00C04F79EFBC}") = "MeNext.Spotify.iOS.Auth", "MeNext.Spotify.iOS.Auth\MeNext.Spotify.iOS.Auth.csproj", "{965A0207-57BD-4E52-A3FC-A1E320EF042D}"
EndProject
Project("{FAE04EC0-301F-11D3-BF4B-00C04F79EFBC}") = "MeNext.Spotify.iOS.Playback", "MeNext.Spotify.iOS.Playback\MeNext.Spotify.iOS.Playback.csproj", "{EC328C8D-ACAA-4AD6-9089-7BD4F23D52D8}"
EndProject
Project("{FAE04EC0-301F-11D3-BF4B-00C04F79EFBC}") = "MeNext.Spotify", "MeNext.Spotify\MeNext.Spotify.csproj", "{FA839F74-9C98-40DB-894A-8F7A9B6D43DB}"
EndProject
Global
	GlobalSection(SolutionConfigurationPlatforms) = preSolution
		Debug|Any CPU = Debug|Any CPU
		Release|Any CPU = Release|Any CPU
		Debug|iPhoneSimulator = Debug|iPhoneSimulator
		Release|iPhone = Release|iPhone
		Release|iPhoneSimulator = Release|iPhoneSimulator
		Debug|iPhone = Debug|iPhone
	EndGlobalSection
	GlobalSection(ProjectConfigurationPlatforms) = postSolution
		{64DA42D4-2FF5-4D2C-B686-B3E67FD2B1B2}.Debug|Any CPU.ActiveCfg = Debug|Any CPU
		{64DA42D4-2FF5-4D2C-B686-B3E67FD2B1B2}.Debug|Any CPU.Build.0 = Debug|Any CPU
		{64DA42D4-2FF5-4D2C-B686-B3E67FD2B1B2}.Release|Any CPU.ActiveCfg = Release|Any CPU
		{64DA42D4-2FF5-4D2C-B686-B3E67FD2B1B2}.Release|Any CPU.Build.0 = Release|Any CPU
		{64DA42D4-2FF5-4D2C-B686-B3E67FD2B1B2}.Debug|iPhoneSimulator.ActiveCfg = Debug|Any CPU
		{64DA42D4-2FF5-4D2C-B686-B3E67FD2B1B2}.Debug|iPhoneSimulator.Build.0 = Debug|Any CPU
		{64DA42D4-2FF5-4D2C-B686-B3E67FD2B1B2}.Release|iPhone.ActiveCfg = Release|Any CPU
		{64DA42D4-2FF5-4D2C-B686-B3E67FD2B1B2}.Release|iPhone.Build.0 = Release|Any CPU
		{64DA42D4-2FF5-4D2C-B686-B3E67FD2B1B2}.Release|iPhoneSimulator.ActiveCfg = Release|Any CPU
		{64DA42D4-2FF5-4D2C-B686-B3E67FD2B1B2}.Release|iPhoneSimulator.Build.0 = Release|Any CPU
		{64DA42D4-2FF5-4D2C-B686-B3E67FD2B1B2}.Debug|iPhone.ActiveCfg = Debug|Any CPU
		{64DA42D4-2FF5-4D2C-B686-B3E67FD2B1B2}.Debug|iPhone.Build.0 = Debug|Any CPU
		{4F31B800-83E3-4B7A-9059-43B39AC8C1DD}.Debug|Any CPU.ActiveCfg = Debug|iPhoneSimulator
		{4F31B800-83E3-4B7A-9059-43B39AC8C1DD}.Debug|Any CPU.Build.0 = Debug|iPhoneSimulator
		{4F31B800-83E3-4B7A-9059-43B39AC8C1DD}.Release|Any CPU.ActiveCfg = Release|iPhone
		{4F31B800-83E3-4B7A-9059-43B39AC8C1DD}.Release|Any CPU.Build.0 = Release|iPhone
		{4F31B800-83E3-4B7A-9059-43B39AC8C1DD}.Debug|iPhoneSimulator.ActiveCfg = Debug|iPhoneSimulator
		{4F31B800-83E3-4B7A-9059-43B39AC8C1DD}.Debug|iPhoneSimulator.Build.0 = Debug|iPhoneSimulator
		{4F31B800-83E3-4B7A-9059-43B39AC8C1DD}.Release|iPhone.ActiveCfg = Release|iPhone
		{4F31B800-83E3-4B7A-9059-43B39AC8C1DD}.Release|iPhone.Build.0 = Release|iPhone
		{4F31B800-83E3-4B7A-9059-43B39AC8C1DD}.Release|iPhoneSimulator.ActiveCfg = Release|iPhoneSimulator
		{4F31B800-83E3-4B7A-9059-43B39AC8C1DD}.Release|iPhoneSimulator.Build.0 = Release|iPhoneSimulator
		{4F31B800-83E3-4B7A-9059-43B39AC8C1DD}.Debug|iPhone.ActiveCfg = Debug|iPhone
		{4F31B800-83E3-4B7A-9059-43B39AC8C1DD}.Debug|iPhone.Build.0 = Debug|iPhone
		{01AD4898-4237-42F4-902A-F439D7BE9375}.Debug|Any CPU.ActiveCfg = Debug|Any CPU
		{01AD4898-4237-42F4-902A-F439D7BE9375}.Debug|Any CPU.Build.0 = Debug|Any CPU
		{01AD4898-4237-42F4-902A-F439D7BE9375}.Release|Any CPU.ActiveCfg = Release|Any CPU
		{01AD4898-4237-42F4-902A-F439D7BE9375}.Release|Any CPU.Build.0 = Release|Any CPU
		{01AD4898-4237-42F4-902A-F439D7BE9375}.Debug|iPhoneSimulator.ActiveCfg = Debug|Any CPU
		{01AD4898-4237-42F4-902A-F439D7BE9375}.Debug|iPhoneSimulator.Build.0 = Debug|Any CPU
		{01AD4898-4237-42F4-902A-F439D7BE9375}.Release|iPhone.ActiveCfg = Release|Any CPU
		{01AD4898-4237-42F4-902A-F439D7BE9375}.Release|iPhone.Build.0 = Release|Any CPU
		{01AD4898-4237-42F4-902A-F439D7BE9375}.Release|iPhoneSimulator.ActiveCfg = Release|Any CPU
		{01AD4898-4237-42F4-902A-F439D7BE9375}.Release|iPhoneSimulator.Build.0 = Release|Any CPU
		{01AD4898-4237-42F4-902A-F439D7BE9375}.Debug|iPhone.ActiveCfg = Debug|Any CPU
		{01AD4898-4237-42F4-902A-F439D7BE9375}.Debug|iPhone.Build.0 = Debug|Any CPU
		{39433743-3793-40F6-92E5-5504AAFDD1AC}.Debug|Any CPU.ActiveCfg = Debug|Any CPU
		{39433743-3793-40F6-92E5-5504AAFDD1AC}.Debug|Any CPU.Build.0 = Debug|Any CPU
		{39433743-3793-40F6-92E5-5504AAFDD1AC}.Release|Any CPU.ActiveCfg = Release|Any CPU
		{39433743-3793-40F6-92E5-5504AAFDD1AC}.Release|Any CPU.Build.0 = Release|Any CPU
		{39433743-3793-40F6-92E5-5504AAFDD1AC}.Debug|iPhoneSimulator.ActiveCfg = Debug|Any CPU
		{39433743-3793-40F6-92E5-5504AAFDD1AC}.Debug|iPhoneSimulator.Build.0 = Debug|Any CPU
		{39433743-3793-40F6-92E5-5504AAFDD1AC}.Release|iPhone.ActiveCfg = Release|Any CPU
		{39433743-3793-40F6-92E5-5504AAFDD1AC}.Release|iPhone.Build.0 = Release|Any CPU
		{39433743-3793-40F6-92E5-5504AAFDD1AC}.Release|iPhoneSimulator.ActiveCfg = Release|Any CPU
		{39433743-3793-40F6-92E5-5504AAFDD1AC}.Release|iPhoneSimulator.Build.0 = Release|Any CPU
		{39433743-3793-40F6-92E5-5504AAFDD1AC}.Debug|iPhone.ActiveCfg = Debug|Any CPU
		{39433743-3793-40F6-92E5-5504AAFDD1AC}.Debug|iPhone.Build.0 = Debug|Any CPU
		{6A3D63E2-1637-4D32-B5CF-C1D3AB507C10}.Debug|Any CPU.ActiveCfg = Debug|Any CPU
		{6A3D63E2-1637-4D32-B5CF-C1D3AB507C10}.Debug|Any CPU.Build.0 = Debug|Any CPU
		{6A3D63E2-1637-4D32-B5CF-C1D3AB507C10}.Release|Any CPU.ActiveCfg = Release|Any CPU
		{6A3D63E2-1637-4D32-B5CF-C1D3AB507C10}.Release|Any CPU.Build.0 = Release|Any CPU
		{6A3D63E2-1637-4D32-B5CF-C1D3AB507C10}.Debug|iPhoneSimulator.ActiveCfg = Debug|Any CPU
		{6A3D63E2-1637-4D32-B5CF-C1D3AB507C10}.Debug|iPhoneSimulator.Build.0 = Debug|Any CPU
		{6A3D63E2-1637-4D32-B5CF-C1D3AB507C10}.Release|iPhone.ActiveCfg = Release|Any CPU
		{6A3D63E2-1637-4D32-B5CF-C1D3AB507C10}.Release|iPhone.Build.0 = Release|Any CPU
		{6A3D63E2-1637-4D32-B5CF-C1D3AB507C10}.Release|iPhoneSimulator.ActiveCfg = Release|Any CPU
		{6A3D63E2-1637-4D32-B5CF-C1D3AB507C10}.Release|iPhoneSimulator.Build.0 = Release|Any CPU
		{6A3D63E2-1637-4D32-B5CF-C1D3AB507C10}.Debug|iPhone.ActiveCfg = Debug|Any CPU
		{6A3D63E2-1637-4D32-B5CF-C1D3AB507C10}.Debug|iPhone.Build.0 = Debug|Any CPU
		{965A0207-57BD-4E52-A3FC-A1E320EF042D}.Debug|Any CPU.ActiveCfg = Debug|Any CPU
		{965A0207-57BD-4E52-A3FC-A1E320EF042D}.Debug|Any CPU.Build.0 = Debug|Any CPU
		{965A0207-57BD-4E52-A3FC-A1E320EF042D}.Release|Any CPU.ActiveCfg = Release|Any CPU
		{965A0207-57BD-4E52-A3FC-A1E320EF042D}.Release|Any CPU.Build.0 = Release|Any CPU
		{965A0207-57BD-4E52-A3FC-A1E320EF042D}.Debug|iPhoneSimulator.ActiveCfg = Debug|Any CPU
		{965A0207-57BD-4E52-A3FC-A1E320EF042D}.Debug|iPhoneSimulator.Build.0 = Debug|Any CPU
		{965A0207-57BD-4E52-A3FC-A1E320EF042D}.Release|iPhone.ActiveCfg = Release|Any CPU
		{965A0207-57BD-4E52-A3FC-A1E320EF042D}.Release|iPhone.Build.0 = Release|Any CPU
		{965A0207-57BD-4E52-A3FC-A1E320EF042D}.Release|iPhoneSimulator.ActiveCfg = Release|Any CPU
		{965A0207-57BD-4E52-A3FC-A1E320EF042D}.Release|iPhoneSimulator.Build.0 = Release|Any CPU
		{965A0207-57BD-4E52-A3FC-A1E320EF042D}.Debug|iPhone.ActiveCfg = Debug|Any CPU
		{965A0207-57BD-4E52-A3FC-A1E320EF042D}.Debug|iPhone.Build.0 = Debug|Any CPU
		{EC328C8D-ACAA-4AD6-9089-7BD4F23D52D8}.Debug|Any CPU.ActiveCfg = Debug|Any CPU
		{EC328C8D-ACAA-4AD6-9089-7BD4F23D52D8}.Debug|Any CPU.Build.0 = Debug|Any CPU
		{EC328C8D-ACAA-4AD6-9089-7BD4F23D52D8}.Release|Any CPU.ActiveCfg = Release|Any CPU
		{EC328C8D-ACAA-4AD6-9089-7BD4F23D52D8}.Release|Any CPU.Build.0 = Release|Any CPU
		{EC328C8D-ACAA-4AD6-9089-7BD4F23D52D8}.Debug|iPhoneSimulator.ActiveCfg = Debug|Any CPU
		{EC328C8D-ACAA-4AD6-9089-7BD4F23D52D8}.Debug|iPhoneSimulator.Build.0 = Debug|Any CPU
		{EC328C8D-ACAA-4AD6-9089-7BD4F23D52D8}.Release|iPhone.ActiveCfg = Release|Any CPU
		{EC328C8D-ACAA-4AD6-9089-7BD4F23D52D8}.Release|iPhone.Build.0 = Release|Any CPU
		{EC328C8D-ACAA-4AD6-9089-7BD4F23D52D8}.Release|iPhoneSimulator.ActiveCfg = Release|Any CPU
		{EC328C8D-ACAA-4AD6-9089-7BD4F23D52D8}.Release|iPhoneSimulator.Build.0 = Release|Any CPU
		{EC328C8D-ACAA-4AD6-9089-7BD4F23D52D8}.Debug|iPhone.ActiveCfg = Debug|Any CPU
		{EC328C8D-ACAA-4AD6-9089-7BD4F23D52D8}.Debug|iPhone.Build.0 = Debug|Any CPU
		{FA839F74-9C98-40DB-894A-8F7A9B6D43DB}.Debug|Any CPU.ActiveCfg = Debug|Any CPU
		{FA839F74-9C98-40DB-894A-8F7A9B6D43DB}.Debug|Any CPU.Build.0 = Debug|Any CPU
		{FA839F74-9C98-40DB-894A-8F7A9B6D43DB}.Release|Any CPU.ActiveCfg = Release|Any CPU
		{FA839F74-9C98-40DB-894A-8F7A9B6D43DB}.Release|Any CPU.Build.0 = Release|Any CPU
		{FA839F74-9C98-40DB-894A-8F7A9B6D43DB}.Debug|iPhoneSimulator.ActiveCfg = Debug|Any CPU
		{FA839F74-9C98-40DB-894A-8F7A9B6D43DB}.Debug|iPhoneSimulator.Build.0 = Debug|Any CPU
		{FA839F74-9C98-40DB-894A-8F7A9B6D43DB}.Release|iPhone.ActiveCfg = Release|Any CPU
		{FA839F74-9C98-40DB-894A-8F7A9B6D43DB}.Release|iPhone.Build.0 = Release|Any CPU
		{FA839F74-9C98-40DB-894A-8F7A9B6D43DB}.Release|iPhoneSimulator.ActiveCfg = Release|Any CPU
		{FA839F74-9C98-40DB-894A-8F7A9B6D43DB}.Release|iPhoneSimulator.Build.0 = Release|Any CPU
		{FA839F74-9C98-40DB-894A-8F7A9B6D43DB}.Debug|iPhone.ActiveCfg = Debug|Any CPU
		{FA839F74-9C98-40DB-894A-8F7A9B6D43DB}.Debug|iPhone.Build.0 = Debug|Any CPU
	EndGlobalSection
	GlobalSection(MonoDevelopProperties) = preSolution
		Policies = $0
		$0.TextStylePolicy = $1
		$1.FileWidth = 120
		$1.inheritsSet = VisualStudio
		$1.inheritsScope = text/plain
		$1.scope = text/x-csharp
		$0.CSharpFormattingPolicy = $2
		$2.IndentSwitchSection = True
		$2.LabelPositioning = NoIndent
		$2.NewLinesForBracesInProperties = True
		$2.NewLinesForBracesInAccessors = True
		$2.NewLinesForBracesInAnonymousMethods = True
		$2.NewLineForMembersInObjectInit = True
		$2.NewLineForMembersInAnonymousTypes = True
		$2.NewLineForClausesInQuery = True
		$2.SpacingAfterMethodDeclarationName = False
		$2.SpaceAfterMethodCallName = False
		$2.SpaceAfterCast = True
		$2.SpaceBeforeOpenSquareBracket = False
		$2.inheritsSet = Mono
		$2.inheritsScope = text/x-csharp
		$2.scope = text/x-csharp
		$2.NewLinesForBracesInAnonymousTypes = True
		$2.NewLinesForBracesInObjectCollectionArrayInitializers = True
		$2.NewLinesForBracesInLambdaExpressionBody = True
		$0.DotNetNamingPolicy = $3
		$3.DirectoryNamespaceAssociation = None
		$3.ResourceNamePolicy = FileFormatDefault
		$0.StandardHeader = $4
		$4.Text = 
		$4.IncludeInNewFiles = True
		$0.NameConventionPolicy = $5
		$5.Rules = $6
		$6.NamingRule = $7
		$7.Name = Namespaces
		$7.AffectedEntity = Namespace
		$7.VisibilityMask = VisibilityMask
		$7.NamingStyle = PascalCase
		$7.IncludeInstanceMembers = True
		$7.IncludeStaticEntities = True
		$6.NamingRule = $8
		$8.Name = Types
		$8.AffectedEntity = Class, Struct, Enum, Delegate
		$8.VisibilityMask = Public
		$8.NamingStyle = PascalCase
		$8.IncludeInstanceMembers = True
		$8.IncludeStaticEntities = True
		$6.NamingRule = $9
		$9.Name = Interfaces
		$9.RequiredPrefixes = $10
		$10.String = I
		$9.AffectedEntity = Interface
		$9.VisibilityMask = Public
		$9.NamingStyle = PascalCase
		$9.IncludeInstanceMembers = True
		$9.IncludeStaticEntities = True
		$6.NamingRule = $11
		$11.Name = Attributes
		$11.RequiredSuffixes = $12
		$12.String = Attribute
		$11.AffectedEntity = CustomAttributes
		$11.VisibilityMask = Public
		$11.NamingStyle = PascalCase
		$11.IncludeInstanceMembers = True
		$11.IncludeStaticEntities = True
		$6.NamingRule = $13
		$13.Name = Event Arguments
		$13.RequiredSuffixes = $14
		$14.String = EventArgs
		$13.AffectedEntity = CustomEventArgs
		$13.VisibilityMask = Public
		$13.NamingStyle = PascalCase
		$13.IncludeInstanceMembers = True
		$13.IncludeStaticEntities = True
		$6.NamingRule = $15
		$15.Name = Exceptions
		$15.RequiredSuffixes = $16
		$16.String = Exception
		$15.AffectedEntity = CustomExceptions
		$15.VisibilityMask = VisibilityMask
		$15.NamingStyle = PascalCase
		$15.IncludeInstanceMembers = True
		$15.IncludeStaticEntities = True
		$6.NamingRule = $17
		$17.Name = Methods
		$17.AffectedEntity = Methods
		$17.VisibilityMask = Protected, Public
		$17.NamingStyle = PascalCase
		$17.IncludeInstanceMembers = True
		$17.IncludeStaticEntities = True
		$6.NamingRule = $18
		$18.Name = Static Readonly Fields
		$18.AffectedEntity = ReadonlyField
		$18.VisibilityMask = Protected, Public
		$18.NamingStyle = PascalCase
		$18.IncludeInstanceMembers = False
		$18.IncludeStaticEntities = True
		$6.NamingRule = $19
		$19.Name = Fields
		$19.AffectedEntity = Field
		$19.VisibilityMask = Protected, Public
		$19.NamingStyle = PascalCase
		$19.IncludeInstanceMembers = True
		$19.IncludeStaticEntities = True
		$6.NamingRule = $20
		$20.Name = ReadOnly Fields
		$20.AffectedEntity = ReadonlyField
		$20.VisibilityMask = Protected, Public
		$20.NamingStyle = PascalCase
		$20.IncludeInstanceMembers = True
		$20.IncludeStaticEntities = False
		$6.NamingRule = $21
		$21.Name = Constant Fields
		$21.AffectedEntity = ConstantField
		$21.VisibilityMask = Protected, Public
		$21.NamingStyle = PascalCase
		$21.IncludeInstanceMembers = True
		$21.IncludeStaticEntities = True
		$6.NamingRule = $22
		$22.Name = Properties
		$22.AffectedEntity = Property
		$22.VisibilityMask = Protected, Public
		$22.NamingStyle = PascalCase
		$22.IncludeInstanceMembers = True
		$22.IncludeStaticEntities = True
		$6.NamingRule = $23
		$23.Name = Events
		$23.AffectedEntity = Event
		$23.VisibilityMask = Protected, Public
		$23.NamingStyle = PascalCase
		$23.IncludeInstanceMembers = True
		$23.IncludeStaticEntities = True
		$6.NamingRule = $24
		$24.Name = Enum Members
		$24.AffectedEntity = EnumMember
		$24.VisibilityMask = VisibilityMask
		$24.NamingStyle = PascalCase
		$24.IncludeInstanceMembers = True
		$24.IncludeStaticEntities = True
		$6.NamingRule = $25
		$25.Name = Parameters
		$25.AffectedEntity = Parameter
		$25.VisibilityMask = VisibilityMask
		$25.NamingStyle = CamelCase
		$25.IncludeInstanceMembers = True
		$25.IncludeStaticEntities = True
		$6.NamingRule = $26
		$26.Name = Type Parameters
		$26.RequiredPrefixes = $27
		$27.String = T
		$26.AffectedEntity = TypeParameter
		$26.VisibilityMask = VisibilityMask
		$26.NamingStyle = PascalCase
		$26.IncludeInstanceMembers = True
		$26.IncludeStaticEntities = True
		$0.VersionControlPolicy = $28
		$28.inheritsSet = Mono
	EndGlobalSection
EndGlobal
